
Microsoft Visual Studio Solution File, Format Version 12.00
# Visual Studio Version 17
VisualStudioVersion = 17.5.002.0
MinimumVisualStudioVersion = 10.0.40219.1
Project("{9A19103F-16F7-4668-BE54-9A1E7A4F7556}") = "00_CodingExercises", "00_CodingExercises.csproj", "{3EE3450A-238D-4752-924B-B474C4BD94E6}"
EndProject
Global
	GlobalSection(SolutionConfigurationPlatforms) = preSolution
		Debug|Any CPU = Debug|Any CPU
		Release|Any CPU = Release|Any CPU
	EndGlobalSection
	GlobalSection(ProjectConfigurationPlatforms) = postSolution
		{3EE3450A-238D-4752-924B-B474C4BD94E6}.Debug|Any CPU.ActiveCfg = Debug|Any CPU
		{3EE3450A-238D-4752-924B-B474C4BD94E6}.Debug|Any CPU.Build.0 = Debug|Any CPU
		{3EE3450A-238D-4752-924B-B474C4BD94E6}.Release|Any CPU.ActiveCfg = Release|Any CPU
		{3EE3450A-238D-4752-924B-B474C4BD94E6}.Release|Any CPU.Build.0 = Release|Any CPU
	EndGlobalSection
	GlobalSection(SolutionProperties) = preSolution
		HideSolutionNode = FALSE
	EndGlobalSection
	GlobalSection(ExtensibilityGlobals) = postSolution
		SolutionGuid = {8FAA320E-405D-4448-BC70-A10762820247}
	EndGlobalSection
EndGlobal
