
Microsoft Visual Studio Solution File, Format Version 12.00
# Visual Studio Version 17
VisualStudioVersion = 17.5.002.0
MinimumVisualStudioVersion = 10.0.40219.1
Project("{9A19103F-16F7-4668-BE54-9A1E7A4F7556}") = "01_Calculator", "01_Calculator.csproj", "{0F2B2A86-58F8-42A3-9EAC-99D86327CA1B}"
EndProject
Global
	GlobalSection(SolutionConfigurationPlatforms) = preSolution
		Debug|Any CPU = Debug|Any CPU
		Release|Any CPU = Release|Any CPU
	EndGlobalSection
	GlobalSection(ProjectConfigurationPlatforms) = postSolution
		{0F2B2A86-58F8-42A3-9EAC-99D86327CA1B}.Debug|Any CPU.ActiveCfg = Debug|Any CPU
		{0F2B2A86-58F8-42A3-9EAC-99D86327CA1B}.Debug|Any CPU.Build.0 = Debug|Any CPU
		{0F2B2A86-58F8-42A3-9EAC-99D86327CA1B}.Release|Any CPU.ActiveCfg = Release|Any CPU
		{0F2B2A86-58F8-42A3-9EAC-99D86327CA1B}.Release|Any CPU.Build.0 = Release|Any CPU
	EndGlobalSection
	GlobalSection(SolutionProperties) = preSolution
		HideSolutionNode = FALSE
	EndGlobalSection
	GlobalSection(ExtensibilityGlobals) = postSolution
		SolutionGuid = {5FC37F5B-F2B6-45C2-9225-DA11C76DAF67}
	EndGlobalSection
EndGlobal
