
Microsoft Visual Studio Solution File, Format Version 12.00
# Visual Studio Version 17
VisualStudioVersion = 17.5.002.0
MinimumVisualStudioVersion = 10.0.40219.1
Project("{9A19103F-16F7-4668-BE54-9A1E7A4F7556}") = "02_DiceRollGame", "02_DiceRollGame.csproj", "{F208629E-7B16-4466-9A76-A4C2760686DD}"
EndProject
Global
	GlobalSection(SolutionConfigurationPlatforms) = preSolution
		Debug|Any CPU = Debug|Any CPU
		Release|Any CPU = Release|Any CPU
	EndGlobalSection
	GlobalSection(ProjectConfigurationPlatforms) = postSolution
		{F208629E-7B16-4466-9A76-A4C2760686DD}.Debug|Any CPU.ActiveCfg = Debug|Any CPU
		{F208629E-7B16-4466-9A76-A4C2760686DD}.Debug|Any CPU.Build.0 = Debug|Any CPU
		{F208629E-7B16-4466-9A76-A4C2760686DD}.Release|Any CPU.ActiveCfg = Release|Any CPU
		{F208629E-7B16-4466-9A76-A4C2760686DD}.Release|Any CPU.Build.0 = Release|Any CPU
	EndGlobalSection
	GlobalSection(SolutionProperties) = preSolution
		HideSolutionNode = FALSE
	EndGlobalSection
	GlobalSection(ExtensibilityGlobals) = postSolution
		SolutionGuid = {C6245176-83B9-49D4-896E-ABA64349D970}
	EndGlobalSection
EndGlobal
