
Microsoft Visual Studio Solution File, Format Version 12.00
# Visual Studio Version 17
VisualStudioVersion = 17.5.002.0
MinimumVisualStudioVersion = 10.0.40219.1
Project("{9A19103F-16F7-4668-BE54-9A1E7A4F7556}") = "04_Exceptions", "04_Exceptions.csproj", "{8E3B4899-E997-4371-ABD9-DCA8C8C9B587}"
EndProject
Global
	GlobalSection(SolutionConfigurationPlatforms) = preSolution
		Debug|Any CPU = Debug|Any CPU
		Release|Any CPU = Release|Any CPU
	EndGlobalSection
	GlobalSection(ProjectConfigurationPlatforms) = postSolution
		{8E3B4899-E997-4371-ABD9-DCA8C8C9B587}.Debug|Any CPU.ActiveCfg = Debug|Any CPU
		{8E3B4899-E997-4371-ABD9-DCA8C8C9B587}.Debug|Any CPU.Build.0 = Debug|Any CPU
		{8E3B4899-E997-4371-ABD9-DCA8C8C9B587}.Release|Any CPU.ActiveCfg = Release|Any CPU
		{8E3B4899-E997-4371-ABD9-DCA8C8C9B587}.Release|Any CPU.Build.0 = Release|Any CPU
	EndGlobalSection
	GlobalSection(SolutionProperties) = preSolution
		HideSolutionNode = FALSE
	EndGlobalSection
	GlobalSection(ExtensibilityGlobals) = postSolution
		SolutionGuid = {D3413892-EB63-4C4C-9444-143B56347C92}
	EndGlobalSection
EndGlobal
