
Microsoft Visual Studio Solution File, Format Version 12.00
# Visual Studio Version 17
VisualStudioVersion = 17.5.002.0
MinimumVisualStudioVersion = 10.0.40219.1
Project("{9A19103F-16F7-4668-BE54-9A1E7A4F7556}") = "03_CookiesCookbookNewSolution", "03_CookiesCookbookNewSolution.csproj", "{31FEC14C-820C-4F2A-99E3-45C49463D419}"
EndProject
Global
	GlobalSection(SolutionConfigurationPlatforms) = preSolution
		Debug|Any CPU = Debug|Any CPU
		Release|Any CPU = Release|Any CPU
	EndGlobalSection
	GlobalSection(ProjectConfigurationPlatforms) = postSolution
		{31FEC14C-820C-4F2A-99E3-45C49463D419}.Debug|Any CPU.ActiveCfg = Debug|Any CPU
		{31FEC14C-820C-4F2A-99E3-45C49463D419}.Debug|Any CPU.Build.0 = Debug|Any CPU
		{31FEC14C-820C-4F2A-99E3-45C49463D419}.Release|Any CPU.ActiveCfg = Release|Any CPU
		{31FEC14C-820C-4F2A-99E3-45C49463D419}.Release|Any CPU.Build.0 = Release|Any CPU
	EndGlobalSection
	GlobalSection(SolutionProperties) = preSolution
		HideSolutionNode = FALSE
	EndGlobalSection
	GlobalSection(ExtensibilityGlobals) = postSolution
		SolutionGuid = {66575E4A-74BB-4C0B-8B5A-366B47F32763}
	EndGlobalSection
EndGlobal
